{
  "nodes": {
    "flatpak": {
      "inputs": {
        "nixpkgs": "nixpkgs",
        "utils": "utils"
      },
      "locked": {
        "lastModified": 0,
        "narHash": "sha256-gOw4vXHX4G4oyY482kvMmEfLaHcv/xZ0QQEbT4OqjoI=",
        "path": "/nix/store/b0bhmhnf0bnyx6mlmhlw6131jzbkwj5q-source",
        "type": "path"
      },
      "original": {
        "path": "/nix/store/b0bhmhnf0bnyx6mlmhlw6131jzbkwj5q-source",
        "type": "path"
      }
    },
    "home-manager": {
      "inputs": {
        "nixpkgs": "nixpkgs_2",
        "utils": "utils_2"
      },
      "locked": {
        "lastModified": 1685325875,
        "narHash": "sha256-tevlLIMPeVNNYPd9UgjHApAUoFAnw9iohqUyj+LPp88=",
        "owner": "nix-community",
        "repo": "home-manager",
        "rev": "b372d7f8d5518aaba8a4058a453957460481afbc",
        "type": "github"
      },
      "original": {
        "owner": "nix-community",
        "ref": "release-22.11",
        "repo": "home-manager",
        "type": "github"
      }
    },
    "nixos-shell": {
      "inputs": {
        "nixpkgs": "nixpkgs_3"
      },
      "locked": {
        "lastModified": 1686216465,
        "narHash": "sha256-0A4K6xVIyxUi2YZu4+156WwzAO1GDWGcKiMvsXpBQDQ=",
        "owner": "Mic92",
        "repo": "nixos-shell",
        "rev": "65489e7eeef8eeea43e1e4218ad1b99d58852c7c",
        "type": "github"
      },
      "original": {
        "owner": "Mic92",
        "repo": "nixos-shell",
        "type": "github"
      }
    },
    "nixpkgs": {
      "locked": {
        "lastModified": 1686306016,
        "narHash": "sha256-I3ziTWye7k07KknmO1WHym1YpKYaeZs+0GsxA9nRyTc=",
        "owner": "NixOS",
        "repo": "nixpkgs",
        "rev": "124e028a0c59db58bc60e855a92eeb9299fd0be3",
        "type": "github"
      },
      "original": {
        "owner": "NixOS",
        "ref": "nixos-22.11",
        "repo": "nixpkgs",
        "type": "github"
      }
    },
    "nixpkgs_2": {
      "locked": {
        "lastModified": 1667629849,
        "narHash": "sha256-P+v+nDOFWicM4wziFK9S/ajF2lc0N2Rg9p6Y35uMoZI=",
        "owner": "nixos",
        "repo": "nixpkgs",
        "rev": "3bacde6273b09a21a8ccfba15586fb165078fb62",
        "type": "github"
      },
      "original": {
        "owner": "nixos",
        "ref": "nixos-unstable",
        "repo": "nixpkgs",
        "type": "github"
      }
    },
    "nixpkgs_3": {
      "locked": {
        "lastModified": 1628465643,
        "narHash": "sha256-QSNw9bDq9uGUniQQtakRuw4m21Jxugm23SXLVgEV4DM=",
        "owner": "NixOS",
        "repo": "nixpkgs",
        "rev": "6ef4f522d63f22b40004319778761040d3197390",
        "type": "github"
      },
      "original": {
        "id": "nixpkgs",
        "ref": "nixos-unstable",
        "type": "indirect"
      }
    },
    "nixpkgs_4": {
      "locked": {
        "lastModified": 1686656800,
        "narHash": "sha256-duScdQZNeZcde0JwmQ9W4XfqlO/Z24MDhlTq2MokuSM=",
        "owner": "nixos",
        "repo": "nixpkgs",
        "rev": "2b273c2351fe1ab490158cf8acc8aafad02592ce",
        "type": "github"
      },
      "original": {
        "owner": "nixos",
        "ref": "nixos-22.11",
        "repo": "nixpkgs",
        "type": "github"
      }
    },
    "root": {
      "inputs": {
        "flatpak": "flatpak",
        "home-manager": "home-manager",
        "nixos-shell": "nixos-shell",
        "nixpkgs": "nixpkgs_4"
      }
    },
    "systems": {
      "locked": {
        "lastModified": 1681028828,
        "narHash": "sha256-Vy1rq5AaRuLzOxct8nz4T6wlgyUR7zLU309k9mBC768=",
        "owner": "nix-systems",
        "repo": "default",
        "rev": "da67096a3b9bf56a91d16901293e51ba5b49a27e",
        "type": "github"
      },
      "original": {
        "owner": "nix-systems",
        "repo": "default",
        "type": "github"
      }
    },
    "utils": {
      "inputs": {
        "systems": "systems"
      },
      "locked": {
        "lastModified": 1685518550,
        "narHash": "sha256-o2d0KcvaXzTrPRIo0kOLV0/QXHhDQ5DTi+OxcjO8xqY=",
        "owner": "numtide",
        "repo": "flake-utils",
        "rev": "a1720a10a6cfe8234c0e93907ffe81be440f4cef",
        "type": "github"
      },
      "original": {
        "owner": "numtide",
        "repo": "flake-utils",
        "type": "github"
      }
    },
    "utils_2": {
      "locked": {
        "lastModified": 1667395993,
        "narHash": "sha256-nuEHfE/LcWyuSWnS8t12N1wc105Qtau+/OdUAjtQ0rA=",
        "owner": "numtide",
        "repo": "flake-utils",
        "rev": "5aed5285a952e0b949eb3ba02c12fa4fcfef535f",
        "type": "github"
      },
      "original": {
        "owner": "numtide",
        "repo": "flake-utils",
        "type": "github"
      }
    }
  },
  "root": "root",
  "version": 7
}
